
Microsoft Visual Studio Solution File, Format Version 12.00
# Visual Studio 15
Project("{FAE04EC0-301F-11D3-BF4B-00C04F79EFBC}") = "ulua_proj", "ulua_proj.csproj", "{124370AC-B0F5-53DC-B51B-E1144AF1514E}"
EndProject
Project("{FAE04EC0-301F-11D3-BF4B-00C04F79EFBC}") = "ulua_proj.Editor", "ulua_proj.Editor.csproj", "{8D624C8D-5B73-4524-C568-25E382D4E0DC}"
EndProject
Global
	GlobalSection(SolutionConfigurationPlatforms) = preSolution
		Debug|Any CPU = Debug|Any CPU
		Release|Any CPU = Release|Any CPU
	EndGlobalSection
	GlobalSection(ProjectConfigurationPlatforms) = postSolution
		{124370AC-B0F5-53DC-B51B-E1144AF1514E}.Debug|Any CPU.ActiveCfg = Debug|Any CPU
		{124370AC-B0F5-53DC-B51B-E1144AF1514E}.Debug|Any CPU.Build.0 = Debug|Any CPU
		{124370AC-B0F5-53DC-B51B-E1144AF1514E}.Release|Any CPU.ActiveCfg = Release|Any CPU
		{124370AC-B0F5-53DC-B51B-E1144AF1514E}.Release|Any CPU.Build.0 = Release|Any CPU
		{8D624C8D-5B73-4524-C568-25E382D4E0DC}.Debug|Any CPU.ActiveCfg = Debug|Any CPU
		{8D624C8D-5B73-4524-C568-25E382D4E0DC}.Debug|Any CPU.Build.0 = Debug|Any CPU
		{8D624C8D-5B73-4524-C568-25E382D4E0DC}.Release|Any CPU.ActiveCfg = Release|Any CPU
		{8D624C8D-5B73-4524-C568-25E382D4E0DC}.Release|Any CPU.Build.0 = Release|Any CPU
	EndGlobalSection
	GlobalSection(SolutionProperties) = preSolution
		HideSolutionNode = FALSE
	EndGlobalSection
EndGlobal
