
Microsoft Visual Studio Solution File, Format Version 12.00
# Visual Studio 15
VisualStudioVersion = 15.0.27703.2047
MinimumVisualStudioVersion = 10.0.40219.1
Project("{8BC9CEB8-8B4A-11D0-8D11-00A0C91BC942}") = "cpp_proj", "cpp_proj\cpp_proj.vcxproj", "{FDCC5C17-2900-443D-92D9-C7B47E9E65BB}"
EndProject
Project("{8BC9CEB8-8B4A-11D0-8D11-00A0C91BC942}") = "Lua53", "Lua53\Lua53.vcxproj", "{9B06C55E-CFA3-4102-BFAD-7C5A2CD8D1ED}"
EndProject
Global
	GlobalSection(SolutionConfigurationPlatforms) = preSolution
		Debug|x64 = Debug|x64
		Debug|x86 = Debug|x86
		Release|x64 = Release|x64
		Release|x86 = Release|x86
	EndGlobalSection
	GlobalSection(ProjectConfigurationPlatforms) = postSolution
		{FDCC5C17-2900-443D-92D9-C7B47E9E65BB}.Debug|x64.ActiveCfg = Debug|x64
		{FDCC5C17-2900-443D-92D9-C7B47E9E65BB}.Debug|x64.Build.0 = Debug|x64
		{FDCC5C17-2900-443D-92D9-C7B47E9E65BB}.Debug|x86.ActiveCfg = Debug|Win32
		{FDCC5C17-2900-443D-92D9-C7B47E9E65BB}.Debug|x86.Build.0 = Debug|Win32
		{FDCC5C17-2900-443D-92D9-C7B47E9E65BB}.Release|x64.ActiveCfg = Release|x64
		{FDCC5C17-2900-443D-92D9-C7B47E9E65BB}.Release|x64.Build.0 = Release|x64
		{FDCC5C17-2900-443D-92D9-C7B47E9E65BB}.Release|x86.ActiveCfg = Release|Win32
		{FDCC5C17-2900-443D-92D9-C7B47E9E65BB}.Release|x86.Build.0 = Release|Win32
		{9B06C55E-CFA3-4102-BFAD-7C5A2CD8D1ED}.Debug|x64.ActiveCfg = Debug|x64
		{9B06C55E-CFA3-4102-BFAD-7C5A2CD8D1ED}.Debug|x64.Build.0 = Debug|x64
		{9B06C55E-CFA3-4102-BFAD-7C5A2CD8D1ED}.Debug|x86.ActiveCfg = Debug|Win32
		{9B06C55E-CFA3-4102-BFAD-7C5A2CD8D1ED}.Debug|x86.Build.0 = Debug|Win32
		{9B06C55E-CFA3-4102-BFAD-7C5A2CD8D1ED}.Release|x64.ActiveCfg = Release|x64
		{9B06C55E-CFA3-4102-BFAD-7C5A2CD8D1ED}.Release|x64.Build.0 = Release|x64
		{9B06C55E-CFA3-4102-BFAD-7C5A2CD8D1ED}.Release|x86.ActiveCfg = Release|Win32
		{9B06C55E-CFA3-4102-BFAD-7C5A2CD8D1ED}.Release|x86.Build.0 = Release|Win32
	EndGlobalSection
	GlobalSection(SolutionProperties) = preSolution
		HideSolutionNode = FALSE
	EndGlobalSection
	GlobalSection(ExtensibilityGlobals) = postSolution
		SolutionGuid = {7A269420-7046-4AE6-9209-F27A0BE2581A}
	EndGlobalSection
EndGlobal
